
Microsoft Visual Studio Solution File, Format Version 12.00
# Visual Studio Version 16
VisualStudioVersion = 16.0.30320.27
MinimumVisualStudioVersion = 10.0.40219.1
Project("{FAE04EC0-301F-11D3-BF4B-00C04F79EFBC}") = "Entregable_Taller_Herencia", "Entregable_Taller_Herencia\Entregable_Taller_Herencia.csproj", "{0898143C-F296-4D63-9480-4E0D0A1A8A62}"
EndProject
Global
	GlobalSection(SolutionConfigurationPlatforms) = preSolution
		Debug|Any CPU = Debug|Any CPU
		Release|Any CPU = Release|Any CPU
	EndGlobalSection
	GlobalSection(ProjectConfigurationPlatforms) = postSolution
		{0898143C-F296-4D63-9480-4E0D0A1A8A62}.Debug|Any CPU.ActiveCfg = Debug|Any CPU
		{0898143C-F296-4D63-9480-4E0D0A1A8A62}.Debug|Any CPU.Build.0 = Debug|Any CPU
		{0898143C-F296-4D63-9480-4E0D0A1A8A62}.Release|Any CPU.ActiveCfg = Release|Any CPU
		{0898143C-F296-4D63-9480-4E0D0A1A8A62}.Release|Any CPU.Build.0 = Release|Any CPU
	EndGlobalSection
	GlobalSection(SolutionProperties) = preSolution
		HideSolutionNode = FALSE
	EndGlobalSection
	GlobalSection(ExtensibilityGlobals) = postSolution
		SolutionGuid = {E17CB7A9-408B-45F1-8AE0-FA12ED3A78A1}
	EndGlobalSection
EndGlobal
